
Microsoft Visual Studio Solution File, Format Version 12.00
# Visual Studio 15
Project("{FAE04EC0-301F-11D3-BF4B-00C04F79EFBC}") = "Assembly-CSharp", "Assembly-CSharp.csproj", "{DF08927A-05E4-F50C-9474-0039359AA895}"
EndProject
Project("{FAE04EC0-301F-11D3-BF4B-00C04F79EFBC}") = "Oculus.VR", "Oculus.VR.csproj", "{3716B427-4587-E0A6-CB2A-4337DF56ED59}"
EndProject
Project("{FAE04EC0-301F-11D3-BF4B-00C04F79EFBC}") = "Assembly-CSharp-Editor", "Assembly-CSharp-Editor.csproj", "{1BA19AF3-3CDA-EBA1-382B-56A18D2CB839}"
EndProject
Project("{FAE04EC0-301F-11D3-BF4B-00C04F79EFBC}") = "Oculus.VR.Scripts.Editor", "Oculus.VR.Scripts.Editor.csproj", "{00F14A53-DCF0-02B1-C1AD-9B7D3F3A747F}"
EndProject
Project("{FAE04EC0-301F-11D3-BF4B-00C04F79EFBC}") = "Oculus.VR.Editor", "Oculus.VR.Editor.csproj", "{2C846914-BDFA-3470-B55F-6AAE83093D18}"
EndProject
Global
	GlobalSection(SolutionConfigurationPlatforms) = preSolution
		Debug|Any CPU = Debug|Any CPU
		Release|Any CPU = Release|Any CPU
	EndGlobalSection
	GlobalSection(ProjectConfigurationPlatforms) = postSolution
		{DF08927A-05E4-F50C-9474-0039359AA895}.Debug|Any CPU.ActiveCfg = Debug|Any CPU
		{DF08927A-05E4-F50C-9474-0039359AA895}.Debug|Any CPU.Build.0 = Debug|Any CPU
		{DF08927A-05E4-F50C-9474-0039359AA895}.Release|Any CPU.ActiveCfg = Release|Any CPU
		{DF08927A-05E4-F50C-9474-0039359AA895}.Release|Any CPU.Build.0 = Release|Any CPU
		{3716B427-4587-E0A6-CB2A-4337DF56ED59}.Debug|Any CPU.ActiveCfg = Debug|Any CPU
		{3716B427-4587-E0A6-CB2A-4337DF56ED59}.Debug|Any CPU.Build.0 = Debug|Any CPU
		{3716B427-4587-E0A6-CB2A-4337DF56ED59}.Release|Any CPU.ActiveCfg = Release|Any CPU
		{3716B427-4587-E0A6-CB2A-4337DF56ED59}.Release|Any CPU.Build.0 = Release|Any CPU
		{1BA19AF3-3CDA-EBA1-382B-56A18D2CB839}.Debug|Any CPU.ActiveCfg = Debug|Any CPU
		{1BA19AF3-3CDA-EBA1-382B-56A18D2CB839}.Debug|Any CPU.Build.0 = Debug|Any CPU
		{1BA19AF3-3CDA-EBA1-382B-56A18D2CB839}.Release|Any CPU.ActiveCfg = Release|Any CPU
		{1BA19AF3-3CDA-EBA1-382B-56A18D2CB839}.Release|Any CPU.Build.0 = Release|Any CPU
		{00F14A53-DCF0-02B1-C1AD-9B7D3F3A747F}.Debug|Any CPU.ActiveCfg = Debug|Any CPU
		{00F14A53-DCF0-02B1-C1AD-9B7D3F3A747F}.Debug|Any CPU.Build.0 = Debug|Any CPU
		{00F14A53-DCF0-02B1-C1AD-9B7D3F3A747F}.Release|Any CPU.ActiveCfg = Release|Any CPU
		{00F14A53-DCF0-02B1-C1AD-9B7D3F3A747F}.Release|Any CPU.Build.0 = Release|Any CPU
		{2C846914-BDFA-3470-B55F-6AAE83093D18}.Debug|Any CPU.ActiveCfg = Debug|Any CPU
		{2C846914-BDFA-3470-B55F-6AAE83093D18}.Debug|Any CPU.Build.0 = Debug|Any CPU
		{2C846914-BDFA-3470-B55F-6AAE83093D18}.Release|Any CPU.ActiveCfg = Release|Any CPU
		{2C846914-BDFA-3470-B55F-6AAE83093D18}.Release|Any CPU.Build.0 = Release|Any CPU
	EndGlobalSection
	GlobalSection(SolutionProperties) = preSolution
		HideSolutionNode = FALSE
	EndGlobalSection
EndGlobal
